
Microsoft Visual Studio Solution File, Format Version 12.00
# Visual Studio Version 16
VisualStudioVersion = 16.0.30225.117
MinimumVisualStudioVersion = 10.0.40219.1
Project("{FAE04EC0-301F-11D3-BF4B-00C04F79EFBC}") = "StorageMagazine", "StorageMagazine.csproj", "{C7C8C535-B717-4B3A-B5E8-3D626B8DBC5D}"
EndProject
Global
	GlobalSection(SolutionConfigurationPlatforms) = preSolution
		Debug|Any CPU = Debug|Any CPU
		Release|Any CPU = Release|Any CPU
	EndGlobalSection
	GlobalSection(ProjectConfigurationPlatforms) = postSolution
		{C7C8C535-B717-4B3A-B5E8-3D626B8DBC5D}.Debug|Any CPU.ActiveCfg = Debug|Any CPU
		{C7C8C535-B717-4B3A-B5E8-3D626B8DBC5D}.Debug|Any CPU.Build.0 = Debug|Any CPU
		{C7C8C535-B717-4B3A-B5E8-3D626B8DBC5D}.Release|Any CPU.ActiveCfg = Release|Any CPU
		{C7C8C535-B717-4B3A-B5E8-3D626B8DBC5D}.Release|Any CPU.Build.0 = Release|Any CPU
	EndGlobalSection
	GlobalSection(SolutionProperties) = preSolution
		HideSolutionNode = FALSE
	EndGlobalSection
	GlobalSection(ExtensibilityGlobals) = postSolution
		SolutionGuid = {ED8D6ECB-B17B-4020-8610-D63032EB9006}
	EndGlobalSection
EndGlobal
